
Microsoft Visual Studio Solution File, Format Version 12.00
# Visual Studio Version 17
VisualStudioVersion = 17.1.32104.313
MinimumVisualStudioVersion = 10.0.40219.1
Project("{FAE04EC0-301F-11D3-BF4B-00C04F79EFBC}") = "tapsiriq 4 cs", "tapsiriq 4 cs\tapsiriq 4 cs.csproj", "{5115C037-F37F-4DCF-AC9D-73BECA7001BD}"
EndProject
Global
	GlobalSection(SolutionConfigurationPlatforms) = preSolution
		Debug|Any CPU = Debug|Any CPU
		Release|Any CPU = Release|Any CPU
	EndGlobalSection
	GlobalSection(ProjectConfigurationPlatforms) = postSolution
		{5115C037-F37F-4DCF-AC9D-73BECA7001BD}.Debug|Any CPU.ActiveCfg = Debug|Any CPU
		{5115C037-F37F-4DCF-AC9D-73BECA7001BD}.Debug|Any CPU.Build.0 = Debug|Any CPU
		{5115C037-F37F-4DCF-AC9D-73BECA7001BD}.Release|Any CPU.ActiveCfg = Release|Any CPU
		{5115C037-F37F-4DCF-AC9D-73BECA7001BD}.Release|Any CPU.Build.0 = Release|Any CPU
	EndGlobalSection
	GlobalSection(SolutionProperties) = preSolution
		HideSolutionNode = FALSE
	EndGlobalSection
	GlobalSection(ExtensibilityGlobals) = postSolution
		SolutionGuid = {DF4F29D6-0395-4213-992E-DB2395EFCFB1}
	EndGlobalSection
EndGlobal
